
Microsoft Visual Studio Solution File, Format Version 12.00
# Visual Studio 15
VisualStudioVersion = 15.0.28307.572
MinimumVisualStudioVersion = 10.0.40219.1
Project("{FAE04EC0-301F-11D3-BF4B-00C04F79EFBC}") = "RSA_Core2", "RSA_Core2\RSA_Core2.csproj", "{5FADAEC8-EBE8-4489-B315-3DF510174A32}"
EndProject
Global
	GlobalSection(SolutionConfigurationPlatforms) = preSolution
		Debug|Any CPU = Debug|Any CPU
		Release|Any CPU = Release|Any CPU
	EndGlobalSection
	GlobalSection(ProjectConfigurationPlatforms) = postSolution
		{5FADAEC8-EBE8-4489-B315-3DF510174A32}.Debug|Any CPU.ActiveCfg = Debug|Any CPU
		{5FADAEC8-EBE8-4489-B315-3DF510174A32}.Debug|Any CPU.Build.0 = Debug|Any CPU
		{5FADAEC8-EBE8-4489-B315-3DF510174A32}.Release|Any CPU.ActiveCfg = Release|Any CPU
		{5FADAEC8-EBE8-4489-B315-3DF510174A32}.Release|Any CPU.Build.0 = Release|Any CPU
	EndGlobalSection
	GlobalSection(SolutionProperties) = preSolution
		HideSolutionNode = FALSE
	EndGlobalSection
	GlobalSection(ExtensibilityGlobals) = postSolution
		SolutionGuid = {B3FB3143-0803-4B3E-AD1E-577F3BFF2B93}
	EndGlobalSection
EndGlobal
